// !$*UTF8*$!
{
	archiveVersion = 1;
	classes = {
	};
	objectVersion = 56;
	objects = {

/* Begin PBXBuildFile section */
		60A65FA7293CD44E0017FA51 /* AppDelegate.swift in Sources */ = {isa = PBXBuildFile; fileRef = 60A65FA6293CD44E0017FA51 /* AppDelegate.swift */; };
		60A65FA9293CD44E0017FA51 /* SceneDelegate.swift in Sources */ = {isa = PBXBuildFile; fileRef = 60A65FA8293CD44E0017FA51 /* SceneDelegate.swift */; };
		60A65FAB293CD44E0017FA51 /* ViewController.swift in Sources */ = {isa = PBXBuildFile; fileRef = 60A65FAA293CD44E0017FA51 /* ViewController.swift */; };
		60A65FAE293CD44E0017FA51 /* Main.storyboard in Resources */ = {isa = PBXBuildFile; fileRef = 60A65FAC293CD44E0017FA51 /* Main.storyboard */; };
		60A65FB0293CD4500017FA51 /* Assets.xcassets in Resources */ = {isa = PBXBuildFile; fileRef = 60A65FAF293CD4500017FA51 /* Assets.xcassets */; };
		60A65FB3293CD4500017FA51 /* LaunchScreen.storyboard in Resources */ = {isa = PBXBuildFile; fileRef = 60A65FB1293CD4500017FA51 /* LaunchScreen.storyboard */; };
		60A65FBB293CD4950017FA51 /* fire.sks in Resources */ = {isa = PBXBuildFile; fileRef = 60A65FBA293CD4950017FA51 /* fire.sks */; };
		60A65FBD293CD4AD0017FA51 /* snow.sks in Resources */ = {isa = PBXBuildFile; fileRef = 60A65FBC293CD4AD0017FA51 /* snow.sks */; };
		60A65FBF293CD4C60017FA51 /* spark.sks in Resources */ = {isa = PBXBuildFile; fileRef = 60A65FBE293CD4C60017FA51 /* spark.sks */; };
/* End PBXBuildFile section */

/* Begin PBXFileReference section */
		60A65FA3293CD44E0017FA51 /* Particles3.app */ = {isa = PBXFileReference; explicitFileType = wrapper.application; includeInIndex = 0; path = Particles3.app; sourceTree = BUILT_PRODUCTS_DIR; };
		60A65FA6293CD44E0017FA51 /* AppDelegate.swift */ = {isa = PBXFileReference; lastKnownFileType = sourcecode.swift; path = AppDelegate.swift; sourceTree = "<group>"; };
		60A65FA8293CD44E0017FA51 /* SceneDelegate.swift */ = {isa = PBXFileReference; lastKnownFileType = sourcecode.swift; path = SceneDelegate.swift; sourceTree = "<group>"; };
		60A65FAA293CD44E0017FA51 /* ViewController.swift */ = {isa = PBXFileReference; lastKnownFileType = sourcecode.swift; path = ViewController.swift; sourceTree = "<group>"; };
		60A65FAD293CD44E0017FA51 /* Base */ = {isa = PBXFileReference; lastKnownFileType = file.storyboard; name = Base; path = Base.lproj/Main.storyboard; sourceTree = "<group>"; };
		60A65FAF293CD4500017FA51 /* Assets.xcassets */ = {isa = PBXFileReference; lastKnownFileType = folder.assetcatalog; path = Assets.xcassets; sourceTree = "<group>"; };
		60A65FB2293CD4500017FA51 /* Base */ = {isa = PBXFileReference; lastKnownFileType = file.storyboard; name = Base; path = Base.lproj/LaunchScreen.storyboard; sourceTree = "<group>"; };
		60A65FB4293CD4500017FA51 /* Info.plist */ = {isa = PBXFileReference; lastKnownFileType = text.plist.xml; path = Info.plist; sourceTree = "<group>"; };
		60A65FBA293CD4950017FA51 /* fire.sks */ = {isa = PBXFileReference; lastKnownFileType = file.sks; path = fire.sks; sourceTree = "<group>"; };
		60A65FBC293CD4AD0017FA51 /* snow.sks */ = {isa = PBXFileReference; lastKnownFileType = file.sks; path = snow.sks; sourceTree = "<group>"; };
		60A65FBE293CD4C60017FA51 /* spark.sks */ = {isa = PBXFileReference; lastKnownFileType = file.sks; path = spark.sks; sourceTree = "<group>"; };
/* End PBXFileReference section */

/* Begin PBXFrameworksBuildPhase section */
		60A65FA0293CD44E0017FA51 /* Frameworks */ = {
			isa = PBXFrameworksBuildPhase;
			buildActionMask = 2147483647;
			files = (
			);
			runOnlyForDeploymentPostprocessing = 0;
		};
/* End PBXFrameworksBuildPhase section */

/* Begin PBXGroup section */
		60A65F9A293CD44E0017FA51 = {
			isa = PBXGroup;
			children = (
				60A65FA5293CD44E0017FA51 /* Particles3 */,
				60A65FA4293CD44E0017FA51 /* Products */,
			);
			sourceTree = "<group>";
		};
		60A65FA4293CD44E0017FA51 /* Products */ = {
			isa = PBXGroup;
			children = (
				60A65FA3293CD44E0017FA51 /* Particles3.app */,
			);
			name = Products;
			sourceTree = "<group>";
		};
		60A65FA5293CD44E0017FA51 /* Particles3 */ = {
			isa = PBXGroup;
			children = (
				60A65FA6293CD44E0017FA51 /* AppDelegate.swift */,
				60A65FA8293CD44E0017FA51 /* SceneDelegate.swift */,
				60A65FAA293CD44E0017FA51 /* ViewController.swift */,
				60A65FBE293CD4C60017FA51 /* spark.sks */,
				60A65FBC293CD4AD0017FA51 /* snow.sks */,
				60A65FBA293CD4950017FA51 /* fire.sks */,
				60A65FAC293CD44E0017FA51 /* Main.storyboard */,
				60A65FAF293CD4500017FA51 /* Assets.xcassets */,
				60A65FB1293CD4500017FA51 /* LaunchScreen.storyboard */,
				60A65FB4293CD4500017FA51 /* Info.plist */,
			);
			path = Particles3;
			sourceTree = "<group>";
		};
/* End PBXGroup section */

/* Begin PBXNativeTarget section */
		60A65FA2293CD44E0017FA51 /* Particles3 */ = {
			isa = PBXNativeTarget;
			buildConfigurationList = 60A65FB7293CD4500017FA51 /* Build configuration list for PBXNativeTarget "Particles3" */;
			buildPhases = (
				60A65F9F293CD44E0017FA51 /* Sources */,
				60A65FA0293CD44E0017FA51 /* Frameworks */,
				60A65FA1293CD44E0017FA51 /* Resources */,
			);
			buildRules = (
			);
			dependencies = (
			);
			name = Particles3;
			productName = Particles3;
			productReference = 60A65FA3293CD44E0017FA51 /* Particles3.app */;
			productType = "com.apple.product-type.application";
		};
/* End PBXNativeTarget section */

/* Begin PBXProject section */
		60A65F9B293CD44E0017FA51 /* Project object */ = {
			isa = PBXProject;
			attributes = {
				BuildIndependentTargetsInParallel = 1;
				LastSwiftUpdateCheck = 1410;
				LastUpgradeCheck = 1410;
				TargetAttributes = {
					60A65FA2293CD44E0017FA51 = {
						CreatedOnToolsVersion = 14.1;
					};
				};
			};
			buildConfigurationList = 60A65F9E293CD44E0017FA51 /* Build configuration list for PBXProject "Particles3" */;
			compatibilityVersion = "Xcode 14.0";
			developmentRegion = en;
			hasScannedForEncodings = 0;
			knownRegions = (
				en,
				Base,
			);
			mainGroup = 60A65F9A293CD44E0017FA51;
			productRefGroup = 60A65FA4293CD44E0017FA51 /* Products */;
			projectDirPath = "";
			projectRoot = "";
			targets = (
				60A65FA2293CD44E0017FA51 /* Particles3 */,
			);
		};
/* End PBXProject section */

/* Begin PBXResourcesBuildPhase section */
		60A65FA1293CD44E0017FA51 /* Resources */ = {
			isa = PBXResourcesBuildPhase;
			buildActionMask = 2147483647;
			files = (
				60A65FB3293CD4500017FA51 /* LaunchScreen.storyboard in Resources */,
				60A65FBF293CD4C60017FA51 /* spark.sks in Resources */,
				60A65FBB293CD4950017FA51 /* fire.sks in Resources */,
				60A65FBD293CD4AD0017FA51 /* snow.sks in Resources */,
				60A65FB0293CD4500017FA51 /* Assets.xcassets in Resources */,
				60A65FAE293CD44E0017FA51 /* Main.storyboard in Resources */,
			);
			runOnlyForDeploymentPostprocessing = 0;
		};
/* End PBXResourcesBuildPhase section */

/* Begin PBXSourcesBuildPhase section */
		60A65F9F293CD44E0017FA51 /* Sources */ = {
			isa = PBXSourcesBuildPhase;
			buildActionMask = 2147483647;
			files = (
				60A65FAB293CD44E0017FA51 /* ViewController.swift in Sources */,
				60A65FA7293CD44E0017FA51 /* AppDelegate.swift in Sources */,
				60A65FA9293CD44E0017FA51 /* SceneDelegate.swift in Sources */,
			);
			runOnlyForDeploymentPostprocessing = 0;
		};
/* End PBXSourcesBuildPhase section */

/* Begin PBXVariantGroup section */
		60A65FAC293CD44E0017FA51 /* Main.storyboard */ = {
			isa = PBXVariantGroup;
			children = (
				60A65FAD293CD44E0017FA51 /* Base */,
			);
			name = Main.storyboard;
			sourceTree = "<group>";
		};
		60A65FB1293CD4500017FA51 /* LaunchScreen.storyboard */ = {
			isa = PBXVariantGroup;
			children = (
				60A65FB2293CD4500017FA51 /* Base */,
			);
			name = LaunchScreen.storyboard;
			sourceTree = "<group>";
		};
/* End PBXVariantGroup section */

/* Begin XCBuildConfiguration section */
		60A65FB5293CD4500017FA51 /* Debug */ = {
			isa = XCBuildConfiguration;
			buildSettings = {
				ALWAYS_SEARCH_USER_PATHS = NO;
				CLANG_ANALYZER_NONNULL = YES;
				CLANG_ANALYZER_NUMBER_OBJECT_CONVERSION = YES_AGGRESSIVE;
				CLANG_CXX_LANGUAGE_STANDARD = "gnu++20";
				CLANG_ENABLE_MODULES = YES;
				CLANG_ENABLE_OBJC_ARC = YES;
				CLANG_ENABLE_OBJC_WEAK = YES;
				CLANG_WARN_BLOCK_CAPTURE_AUTORELEASING = YES;
				CLANG_WARN_BOOL_CONVERSION = YES;
				CLANG_WARN_COMMA = YES;
				CLANG_WARN_CONSTANT_CONVERSION = YES;
				CLANG_WARN_DEPRECATED_OBJC_IMPLEMENTATIONS = YES;
				CLANG_WARN_DIRECT_OBJC_ISA_USAGE = YES_ERROR;
				CLANG_WARN_DOCUMENTATION_COMMENTS = YES;
				CLANG_WARN_EMPTY_BODY = YES;
				CLANG_WARN_ENUM_CONVERSION = YES;
				CLANG_WARN_INFINITE_RECURSION = YES;
				CLANG_WARN_INT_CONVERSION = YES;
				CLANG_WARN_NON_LITERAL_NULL_CONVERSION = YES;
				CLANG_WARN_OBJC_IMPLICIT_RETAIN_SELF = YES;
				CLANG_WARN_OBJC_LITERAL_CONVERSION = YES;
				CLANG_WARN_OBJC_ROOT_CLASS = YES_ERROR;
				CLANG_WARN_QUOTED_INCLUDE_IN_FRAMEWORK_HEADER = YES;
				CLANG_WARN_RANGE_LOOP_ANALYSIS = YES;
				CLANG_WARN_STRICT_PROTOTYPES = YES;
				CLANG_WARN_SUSPICIOUS_MOVE = YES;
				CLANG_WARN_UNGUARDED_AVAILABILITY = YES_AGGRESSIVE;
				CLANG_WARN_UNREACHABLE_CODE = YES;
				CLANG_WARN__DUPLICATE_METHOD_MATCH = YES;
				COPY_PHASE_STRIP = NO;
				DEBUG_INFORMATION_FORMAT = dwarf;
				ENABLE_STRICT_OBJC_MSGSEND = YES;
				ENABLE_TESTABILITY = YES;
				GCC_C_LANGUAGE_STANDARD = gnu11;
				GCC_DYNAMIC_NO_PIC = NO;
				GCC_NO_COMMON_BLOCKS = YES;
				GCC_OPTIMIZATION_LEVEL = 0;
				GCC_PREPROCESSOR_DEFINITIONS = (
					"DEBUG=1",
					"$(inherited)",
				);
				GCC_WARN_64_TO_32_BIT_CONVERSION = YES;
				GCC_WARN_ABOUT_RETURN_TYPE = YES_ERROR;
				GCC_WARN_UNDECLARED_SELECTOR = YES;
				GCC_WARN_UNINITIALIZED_AUTOS = YES_AGGRESSIVE;
				GCC_WARN_UNUSED_FUNCTION = YES;
				GCC_WARN_UNUSED_VARIABLE = YES;
				IPHONEOS_DEPLOYMENT_TARGET = 16.1;
				MTL_ENABLE_DEBUG_INFO = INCLUDE_SOURCE;
				MTL_FAST_MATH = YES;
				ONLY_ACTIVE_ARCH = YES;
				SDKROOT = iphoneos;
				SWIFT_ACTIVE_COMPILATION_CONDITIONS = DEBUG;
				SWIFT_OPTIMIZATION_LEVEL = "-Onone";
			};
			name = Debug;
		};
		60A65FB6293CD4500017FA51 /* Release */ = {
			isa = XCBuildConfiguration;
			buildSettings = {
				ALWAYS_SEARCH_USER_PATHS = NO;
				CLANG_ANALYZER_NONNULL = YES;
				CLANG_ANALYZER_NUMBER_OBJECT_CONVERSION = YES_AGGRESSIVE;
				CLANG_CXX_LANGUAGE_STANDARD = "gnu++20";
				CLANG_ENABLE_MODULES = YES;
				CLANG_ENABLE_OBJC_ARC = YES;
				CLANG_ENABLE_OBJC_WEAK = YES;
				CLANG_WARN_BLOCK_CAPTURE_AUTORELEASING = YES;
				CLANG_WARN_BOOL_CONVERSION = YES;
				CLANG_WARN_COMMA = YES;
				CLANG_WARN_CONSTANT_CONVERSION = YES;
				CLANG_WARN_DEPRECATED_OBJC_IMPLEMENTATIONS = YES;
				CLANG_WARN_DIRECT_OBJC_ISA_USAGE = YES_ERROR;
				CLANG_WARN_DOCUMENTATION_COMMENTS = YES;
				CLANG_WARN_EMPTY_BODY = YES;
				CLANG_WARN_ENUM_CONVERSION = YES;
				CLANG_WARN_INFINITE_RECURSION = YES;
				CLANG_WARN_INT_CONVERSION = YES;
				CLANG_WARN_NON_LITERAL_NULL_CONVERSION = YES;
				CLANG_WARN_OBJC_IMPLICIT_RETAIN_SELF = YES;
				CLANG_WARN_OBJC_LITERAL_CONVERSION = YES;
				CLANG_WARN_OBJC_ROOT_CLASS = YES_ERROR;
				CLANG_WARN_QUOTED_INCLUDE_IN_FRAMEWORK_HEADER = YES;
				CLANG_WARN_RANGE_LOOP_ANALYSIS = YES;
				CLANG_WARN_STRICT_PROTOTYPES = YES;
				CLANG_WARN_SUSPICIOUS_MOVE = YES;
				CLANG_WARN_UNGUARDED_AVAILABILITY = YES_AGGRESSIVE;
				CLANG_WARN_UNREACHABLE_CODE = YES;
				CLANG_WARN__DUPLICATE_METHOD_MATCH = YES;
				COPY_PHASE_STRIP = NO;
				DEBUG_INFORMATION_FORMAT = "dwarf-with-dsym";
				ENABLE_NS_ASSERTIONS = NO;
				ENABLE_STRICT_OBJC_MSGSEND = YES;
				GCC_C_LANGUAGE_STANDARD = gnu11;
				GCC_NO_COMMON_BLOCKS = YES;
				GCC_WARN_64_TO_32_BIT_CONVERSION = YES;
				GCC_WARN_ABOUT_RETURN_TYPE = YES_ERROR;
				GCC_WARN_UNDECLARED_SELECTOR = YES;
				GCC_WARN_UNINITIALIZED_AUTOS = YES_AGGRESSIVE;
				GCC_WARN_UNUSED_FUNCTION = YES;
				GCC_WARN_UNUSED_VARIABLE = YES;
				IPHONEOS_DEPLOYMENT_TARGET = 16.1;
				MTL_ENABLE_DEBUG_INFO = NO;
				MTL_FAST_MATH = YES;
				SDKROOT = iphoneos;
				SWIFT_COMPILATION_MODE = wholemodule;
				SWIFT_OPTIMIZATION_LEVEL = "-O";
				VALIDATE_PRODUCT = YES;
			};
			name = Release;
		};
		60A65FB8293CD4500017FA51 /* Debug */ = {
			isa = XCBuildConfiguration;
			buildSettings = {
				ASSETCATALOG_COMPILER_APPICON_NAME = AppIcon;
				ASSETCATALOG_COMPILER_GLOBAL_ACCENT_COLOR_NAME = AccentColor;
				CODE_SIGN_STYLE = Automatic;
				CURRENT_PROJECT_VERSION = 1;
				DEVELOPMENT_TEAM = L6JY9DL2UD;
				GENERATE_INFOPLIST_FILE = YES;
				INFOPLIST_FILE = Particles3/Info.plist;
				INFOPLIST_KEY_UIApplicationSupportsIndirectInputEvents = YES;
				INFOPLIST_KEY_UILaunchStoryboardName = LaunchScreen;
				INFOPLIST_KEY_UIMainStoryboardFile = Main;
				INFOPLIST_KEY_UISupportedInterfaceOrientations_iPad = "UIInterfaceOrientationPortrait UIInterfaceOrientationPortraitUpsideDown UIInterfaceOrientationLandscapeLeft UIInterfaceOrientationLandscapeRight";
				INFOPLIST_KEY_UISupportedInterfaceOrientations_iPhone = "UIInterfaceOrientationPortrait UIInterfaceOrientationLandscapeLeft UIInterfaceOrientationLandscapeRight";
				LD_RUNPATH_SEARCH_PATHS = (
					"$(inherited)",
					"@executable_path/Frameworks",
				);
				MARKETING_VERSION = 1.0;
				PRODUCT_BUNDLE_IDENTIFIER = zahorskyi.developer.Particles3;
				PRODUCT_NAME = "$(TARGET_NAME)";
				SWIFT_EMIT_LOC_STRINGS = YES;
				SWIFT_VERSION = 5.0;
				TARGETED_DEVICE_FAMILY = "1,2";
			};
			name = Debug;
		};
		60A65FB9293CD4500017FA51 /* Release */ = {
			isa = XCBuildConfiguration;
			buildSettings = {
				ASSETCATALOG_COMPILER_APPICON_NAME = AppIcon;
				ASSETCATALOG_COMPILER_GLOBAL_ACCENT_COLOR_NAME = AccentColor;
				CODE_SIGN_STYLE = Automatic;
				CURRENT_PROJECT_VERSION = 1;
				DEVELOPMENT_TEAM = L6JY9DL2UD;
				GENERATE_INFOPLIST_FILE = YES;
				INFOPLIST_FILE = Particles3/Info.plist;
				INFOPLIST_KEY_UIApplicationSupportsIndirectInputEvents = YES;
				INFOPLIST_KEY_UILaunchStoryboardName = LaunchScreen;
				INFOPLIST_KEY_UIMainStoryboardFile = Main;
				INFOPLIST_KEY_UISupportedInterfaceOrientations_iPad = "UIInterfaceOrientationPortrait UIInterfaceOrientationPortraitUpsideDown UIInterfaceOrientationLandscapeLeft UIInterfaceOrientationLandscapeRight";
				INFOPLIST_KEY_UISupportedInterfaceOrientations_iPhone = "UIInterfaceOrientationPortrait UIInterfaceOrientationLandscapeLeft UIInterfaceOrientationLandscapeRight";
				LD_RUNPATH_SEARCH_PATHS = (
					"$(inherited)",
					"@executable_path/Frameworks",
				);
				MARKETING_VERSION = 1.0;
				PRODUCT_BUNDLE_IDENTIFIER = zahorskyi.developer.Particles3;
				PRODUCT_NAME = "$(TARGET_NAME)";
				SWIFT_EMIT_LOC_STRINGS = YES;
				SWIFT_VERSION = 5.0;
				TARGETED_DEVICE_FAMILY = "1,2";
			};
			name = Release;
		};
/* End XCBuildConfiguration section */

/* Begin XCConfigurationList section */
		60A65F9E293CD44E0017FA51 /* Build configuration list for PBXProject "Particles3" */ = {
			isa = XCConfigurationList;
			buildConfigurations = (
				60A65FB5293CD4500017FA51 /* Debug */,
				60A65FB6293CD4500017FA51 /* Release */,
			);
			defaultConfigurationIsVisible = 0;
			defaultConfigurationName = Release;
		};
		60A65FB7293CD4500017FA51 /* Build configuration list for PBXNativeTarget "Particles3" */ = {
			isa = XCConfigurationList;
			buildConfigurations = (
				60A65FB8293CD4500017FA51 /* Debug */,
				60A65FB9293CD4500017FA51 /* Release */,
			);
			defaultConfigurationIsVisible = 0;
			defaultConfigurationName = Release;
		};
/* End XCConfigurationList section */
	};
	rootObject = 60A65F9B293CD44E0017FA51 /* Project object */;
}
